
Microsoft Visual Studio Solution File, Format Version 12.00
# Visual Studio Version 16
VisualStudioVersion = 16.0.29519.87
MinimumVisualStudioVersion = 10.0.40219.1
Project("{FAE04EC0-301F-11D3-BF4B-00C04F79EFBC}") = "LinkBasedQueue", "LinkBasedQueue\LinkBasedQueue.csproj", "{BCA2F7C5-34C8-4668-A5CA-42EBCB3796E5}"
EndProject
Global
	GlobalSection(SolutionConfigurationPlatforms) = preSolution
		Debug|Any CPU = Debug|Any CPU
		Release|Any CPU = Release|Any CPU
	EndGlobalSection
	GlobalSection(ProjectConfigurationPlatforms) = postSolution
		{BCA2F7C5-34C8-4668-A5CA-42EBCB3796E5}.Debug|Any CPU.ActiveCfg = Debug|Any CPU
		{BCA2F7C5-34C8-4668-A5CA-42EBCB3796E5}.Debug|Any CPU.Build.0 = Debug|Any CPU
		{BCA2F7C5-34C8-4668-A5CA-42EBCB3796E5}.Release|Any CPU.ActiveCfg = Release|Any CPU
		{BCA2F7C5-34C8-4668-A5CA-42EBCB3796E5}.Release|Any CPU.Build.0 = Release|Any CPU
	EndGlobalSection
	GlobalSection(SolutionProperties) = preSolution
		HideSolutionNode = FALSE
	EndGlobalSection
	GlobalSection(ExtensibilityGlobals) = postSolution
		SolutionGuid = {C0FDF7B7-65E8-43D6-AE5C-A7ADBDBBF854}
	EndGlobalSection
EndGlobal
