
Microsoft Visual Studio Solution File, Format Version 12.00
# Visual Studio 15
VisualStudioVersion = 15.0.28307.329
MinimumVisualStudioVersion = 10.0.40219.1
Project("{FAE04EC0-301F-11D3-BF4B-00C04F79EFBC}") = "U3ExamEmpSys", "U3ExamEmpSys\U3ExamEmpSys.csproj", "{90D09AA5-E1A5-41C8-8474-32AA625BF8AA}"
EndProject
Global
	GlobalSection(SolutionConfigurationPlatforms) = preSolution
		Debug|Any CPU = Debug|Any CPU
		Release|Any CPU = Release|Any CPU
	EndGlobalSection
	GlobalSection(ProjectConfigurationPlatforms) = postSolution
		{90D09AA5-E1A5-41C8-8474-32AA625BF8AA}.Debug|Any CPU.ActiveCfg = Debug|Any CPU
		{90D09AA5-E1A5-41C8-8474-32AA625BF8AA}.Debug|Any CPU.Build.0 = Debug|Any CPU
		{90D09AA5-E1A5-41C8-8474-32AA625BF8AA}.Release|Any CPU.ActiveCfg = Release|Any CPU
		{90D09AA5-E1A5-41C8-8474-32AA625BF8AA}.Release|Any CPU.Build.0 = Release|Any CPU
	EndGlobalSection
	GlobalSection(SolutionProperties) = preSolution
		HideSolutionNode = FALSE
	EndGlobalSection
	GlobalSection(ExtensibilityGlobals) = postSolution
		SolutionGuid = {2C8CCF9B-2D20-4A47-A585-AB352A0C1AE2}
	EndGlobalSection
	GlobalSection(TeamFoundationVersionControl) = preSolution
		SccNumberOfProjects = 2
		SccEnterpriseProvider = {4CA58AB2-18FA-4F8D-95D4-32DDF27D184C}
		SccTeamFoundationServer = https://cisteam.otc.edu/tfs/dl0586657
		SccLocalPath0 = .
		SccProjectUniqueName1 = U3ExamEmpSys\\U3ExamEmpSys.csproj
		SccProjectName1 = U3ExamEmpSys
		SccLocalPath1 = U3ExamEmpSys
	EndGlobalSection
EndGlobal
